
Microsoft Visual Studio Solution File, Format Version 12.00
# Visual Studio Version 17
VisualStudioVersion = 17.13.35931.197 d17.13
MinimumVisualStudioVersion = 10.0.40219.1
Project("{FAE04EC0-301F-11D3-BF4B-00C04F79EFBC}") = "ToDoListApp.Android", "ToDoListApp\ToDoListApp.Android\ToDoListApp.Android.csproj", "{81CC967F-967A-4A3C-B16E-D562BB5C90B3}"
EndProject
Project("{FAE04EC0-301F-11D3-BF4B-00C04F79EFBC}") = "ToDoListApp.iOS", "ToDoListApp\ToDoListApp.iOS\ToDoListApp.iOS.csproj", "{A80F0600-90B6-48A6-AB52-5BFDE27F8227}"
EndProject
Project("{FAE04EC0-301F-11D3-BF4B-00C04F79EFBC}") = "ToDoListApp", "ToDoListApp\ToDoListApp\ToDoListApp.csproj", "{03EE768F-1AAF-458C-A0BA-702B65E7C279}"
EndProject
Global
	GlobalSection(SolutionConfigurationPlatforms) = preSolution
		Debug|Any CPU = Debug|Any CPU
		Release|Any CPU = Release|Any CPU
	EndGlobalSection
	GlobalSection(ProjectConfigurationPlatforms) = postSolution
		{81CC967F-967A-4A3C-B16E-D562BB5C90B3}.Debug|Any CPU.ActiveCfg = Debug|Any CPU
		{81CC967F-967A-4A3C-B16E-D562BB5C90B3}.Debug|Any CPU.Build.0 = Debug|Any CPU
		{81CC967F-967A-4A3C-B16E-D562BB5C90B3}.Debug|Any CPU.Deploy.0 = Debug|Any CPU
		{81CC967F-967A-4A3C-B16E-D562BB5C90B3}.Release|Any CPU.ActiveCfg = Release|Any CPU
		{81CC967F-967A-4A3C-B16E-D562BB5C90B3}.Release|Any CPU.Build.0 = Release|Any CPU
		{81CC967F-967A-4A3C-B16E-D562BB5C90B3}.Release|Any CPU.Deploy.0 = Release|Any CPU
		{A80F0600-90B6-48A6-AB52-5BFDE27F8227}.Debug|Any CPU.ActiveCfg = Debug|iPhone
		{A80F0600-90B6-48A6-AB52-5BFDE27F8227}.Debug|Any CPU.Build.0 = Debug|iPhone
		{A80F0600-90B6-48A6-AB52-5BFDE27F8227}.Debug|Any CPU.Deploy.0 = Debug|iPhone
		{A80F0600-90B6-48A6-AB52-5BFDE27F8227}.Release|Any CPU.ActiveCfg = Release|iPhoneSimulator
		{A80F0600-90B6-48A6-AB52-5BFDE27F8227}.Release|Any CPU.Build.0 = Release|iPhoneSimulator
		{A80F0600-90B6-48A6-AB52-5BFDE27F8227}.Release|Any CPU.Deploy.0 = Release|iPhoneSimulator
		{03EE768F-1AAF-458C-A0BA-702B65E7C279}.Debug|Any CPU.ActiveCfg = Debug|Any CPU
		{03EE768F-1AAF-458C-A0BA-702B65E7C279}.Debug|Any CPU.Build.0 = Debug|Any CPU
		{03EE768F-1AAF-458C-A0BA-702B65E7C279}.Debug|Any CPU.Deploy.0 = Debug|Any CPU
		{03EE768F-1AAF-458C-A0BA-702B65E7C279}.Release|Any CPU.ActiveCfg = Release|Any CPU
		{03EE768F-1AAF-458C-A0BA-702B65E7C279}.Release|Any CPU.Build.0 = Release|Any CPU
		{03EE768F-1AAF-458C-A0BA-702B65E7C279}.Release|Any CPU.Deploy.0 = Release|Any CPU
	EndGlobalSection
	GlobalSection(SolutionProperties) = preSolution
		HideSolutionNode = FALSE
	EndGlobalSection
	GlobalSection(ExtensibilityGlobals) = postSolution
		SolutionGuid = {6D2F18DA-01DA-4E99-B1F1-8F0568715C6D}
	EndGlobalSection
EndGlobal
